
Microsoft Visual Studio Solution File, Format Version 12.00
# Visual Studio Version 16
VisualStudioVersion = 16.0.33214.272
MinimumVisualStudioVersion = 10.0.40219.1
Project("{FAE04EC0-301F-11D3-BF4B-00C04F79EFBC}") = "FactoryManagement.WebUI", "FactoryManagement.WebUI\FactoryManagement.WebUI.csproj", "{5CB30FA1-203B-419D-AF97-A94966D0A515}"
EndProject
Project("{FAE04EC0-301F-11D3-BF4B-00C04F79EFBC}") = "FactoryManagement.Common", "FactoryManagement.Common\FactoryManagement.Common.csproj", "{8D7E90C6-4B3F-46D2-B72A-7F0BECD88170}"
EndProject
Project("{FAE04EC0-301F-11D3-BF4B-00C04F79EFBC}") = "FactoryManagement.Interface", "FactoryManagement.Interface\FactoryManagement.Interface.csproj", "{6F5087A0-476C-4ABE-AE81-A278502EB4B0}"
EndProject
Project("{FAE04EC0-301F-11D3-BF4B-00C04F79EFBC}") = "FactoryManagement.Repository", "FactoryManagement.Repository\FactoryManagement.Repository.csproj", "{3C43B7E6-D2DD-4BDD-9049-9CD4AEB22AF1}"
EndProject
Project("{FAE04EC0-301F-11D3-BF4B-00C04F79EFBC}") = "FactoryManagement.Report", "FactoryManagement.Report\FactoryManagement.Report.csproj", "{A601414D-15C1-4ADB-AE89-A92F9BA9DE36}"
EndProject
Global
	GlobalSection(SolutionConfigurationPlatforms) = preSolution
		Debug|Any CPU = Debug|Any CPU
		Release|Any CPU = Release|Any CPU
	EndGlobalSection
	GlobalSection(ProjectConfigurationPlatforms) = postSolution
		{5CB30FA1-203B-419D-AF97-A94966D0A515}.Debug|Any CPU.ActiveCfg = Debug|Any CPU
		{5CB30FA1-203B-419D-AF97-A94966D0A515}.Debug|Any CPU.Build.0 = Debug|Any CPU
		{5CB30FA1-203B-419D-AF97-A94966D0A515}.Release|Any CPU.ActiveCfg = Release|Any CPU
		{5CB30FA1-203B-419D-AF97-A94966D0A515}.Release|Any CPU.Build.0 = Release|Any CPU
		{8D7E90C6-4B3F-46D2-B72A-7F0BECD88170}.Debug|Any CPU.ActiveCfg = Debug|Any CPU
		{8D7E90C6-4B3F-46D2-B72A-7F0BECD88170}.Debug|Any CPU.Build.0 = Debug|Any CPU
		{8D7E90C6-4B3F-46D2-B72A-7F0BECD88170}.Release|Any CPU.ActiveCfg = Release|Any CPU
		{8D7E90C6-4B3F-46D2-B72A-7F0BECD88170}.Release|Any CPU.Build.0 = Release|Any CPU
		{6F5087A0-476C-4ABE-AE81-A278502EB4B0}.Debug|Any CPU.ActiveCfg = Debug|Any CPU
		{6F5087A0-476C-4ABE-AE81-A278502EB4B0}.Debug|Any CPU.Build.0 = Debug|Any CPU
		{6F5087A0-476C-4ABE-AE81-A278502EB4B0}.Release|Any CPU.ActiveCfg = Release|Any CPU
		{6F5087A0-476C-4ABE-AE81-A278502EB4B0}.Release|Any CPU.Build.0 = Release|Any CPU
		{3C43B7E6-D2DD-4BDD-9049-9CD4AEB22AF1}.Debug|Any CPU.ActiveCfg = Debug|Any CPU
		{3C43B7E6-D2DD-4BDD-9049-9CD4AEB22AF1}.Debug|Any CPU.Build.0 = Debug|Any CPU
		{3C43B7E6-D2DD-4BDD-9049-9CD4AEB22AF1}.Release|Any CPU.ActiveCfg = Release|Any CPU
		{3C43B7E6-D2DD-4BDD-9049-9CD4AEB22AF1}.Release|Any CPU.Build.0 = Release|Any CPU
		{A601414D-15C1-4ADB-AE89-A92F9BA9DE36}.Debug|Any CPU.ActiveCfg = Debug|Any CPU
		{A601414D-15C1-4ADB-AE89-A92F9BA9DE36}.Debug|Any CPU.Build.0 = Debug|Any CPU
		{A601414D-15C1-4ADB-AE89-A92F9BA9DE36}.Release|Any CPU.ActiveCfg = Release|Any CPU
		{A601414D-15C1-4ADB-AE89-A92F9BA9DE36}.Release|Any CPU.Build.0 = Release|Any CPU
	EndGlobalSection
	GlobalSection(SolutionProperties) = preSolution
		HideSolutionNode = FALSE
	EndGlobalSection
	GlobalSection(ExtensibilityGlobals) = postSolution
		SolutionGuid = {F907F279-10DD-466F-9C3F-7AEA9EC79608}
	EndGlobalSection
EndGlobal
